
Microsoft Visual Studio Solution File, Format Version 12.00
# Visual Studio Version 16
VisualStudioVersion = 16.0.32106.194
MinimumVisualStudioVersion = 10.0.40219.1
Project("{FAE04EC0-301F-11D3-BF4B-00C04F79EFBC}") = "Main_MsTest", "Main_MsTest\Main_MsTest.csproj", "{8983C824-207E-4B56-97F8-2A56309F1433}"
EndProject
Project("{FAE04EC0-301F-11D3-BF4B-00C04F79EFBC}") = "Main_DLL", "..\Main_DLL\Main_DLL.csproj", "{9AAE6912-AA26-4D40-BB46-145D814D9E9F}"
EndProject
Global
	GlobalSection(SolutionConfigurationPlatforms) = preSolution
		Debug|Any CPU = Debug|Any CPU
		Release|Any CPU = Release|Any CPU
	EndGlobalSection
	GlobalSection(ProjectConfigurationPlatforms) = postSolution
		{8983C824-207E-4B56-97F8-2A56309F1433}.Debug|Any CPU.ActiveCfg = Debug|Any CPU
		{8983C824-207E-4B56-97F8-2A56309F1433}.Debug|Any CPU.Build.0 = Debug|Any CPU
		{8983C824-207E-4B56-97F8-2A56309F1433}.Release|Any CPU.ActiveCfg = Release|Any CPU
		{8983C824-207E-4B56-97F8-2A56309F1433}.Release|Any CPU.Build.0 = Release|Any CPU
		{9AAE6912-AA26-4D40-BB46-145D814D9E9F}.Debug|Any CPU.ActiveCfg = Debug|Any CPU
		{9AAE6912-AA26-4D40-BB46-145D814D9E9F}.Debug|Any CPU.Build.0 = Debug|Any CPU
		{9AAE6912-AA26-4D40-BB46-145D814D9E9F}.Release|Any CPU.ActiveCfg = Release|Any CPU
		{9AAE6912-AA26-4D40-BB46-145D814D9E9F}.Release|Any CPU.Build.0 = Release|Any CPU
	EndGlobalSection
	GlobalSection(SolutionProperties) = preSolution
		HideSolutionNode = FALSE
	EndGlobalSection
	GlobalSection(ExtensibilityGlobals) = postSolution
		SolutionGuid = {FB47CA5C-FB45-43E5-B4E3-A96CCC623724}
	EndGlobalSection
EndGlobal
