
Microsoft Visual Studio Solution File, Format Version 12.00
# Visual Studio Version 16
VisualStudioVersion = 16.0.32106.194
MinimumVisualStudioVersion = 10.0.40219.1
Project("{FAE04EC0-301F-11D3-BF4B-00C04F79EFBC}") = "Feb1Prj", "Feb1Prj\Feb1Prj.csproj", "{8E6CBED1-DFBD-4EAE-A654-F93C14C8C088}"
EndProject
Global
	GlobalSection(SolutionConfigurationPlatforms) = preSolution
		Debug|Any CPU = Debug|Any CPU
		Release|Any CPU = Release|Any CPU
	EndGlobalSection
	GlobalSection(ProjectConfigurationPlatforms) = postSolution
		{8E6CBED1-DFBD-4EAE-A654-F93C14C8C088}.Debug|Any CPU.ActiveCfg = Debug|Any CPU
		{8E6CBED1-DFBD-4EAE-A654-F93C14C8C088}.Debug|Any CPU.Build.0 = Debug|Any CPU
		{8E6CBED1-DFBD-4EAE-A654-F93C14C8C088}.Release|Any CPU.ActiveCfg = Release|Any CPU
		{8E6CBED1-DFBD-4EAE-A654-F93C14C8C088}.Release|Any CPU.Build.0 = Release|Any CPU
	EndGlobalSection
	GlobalSection(SolutionProperties) = preSolution
		HideSolutionNode = FALSE
	EndGlobalSection
	GlobalSection(ExtensibilityGlobals) = postSolution
		SolutionGuid = {55080E62-4C33-48B9-920F-02E376F67F91}
	EndGlobalSection
EndGlobal
